
Microsoft Visual Studio Solution File, Format Version 12.00
# Visual Studio 15
VisualStudioVersion = 15.0.27130.2036
MinimumVisualStudioVersion = 10.0.40219.1
Project("{8BC9CEB8-8B4A-11D0-8D11-00A0C91BC942}") = "surfin_bird", "surfin_bird\surfin_bird.vcxproj", "{AE6AE233-3F82-4DF2-9C8F-B3981F4895D3}"
EndProject
Global
	GlobalSection(SolutionConfigurationPlatforms) = preSolution
		Debug|x64 = Debug|x64
		Debug|x86 = Debug|x86
		Release|x64 = Release|x64
		Release|x86 = Release|x86
	EndGlobalSection
	GlobalSection(ProjectConfigurationPlatforms) = postSolution
		{AE6AE233-3F82-4DF2-9C8F-B3981F4895D3}.Debug|x64.ActiveCfg = Debug|x64
		{AE6AE233-3F82-4DF2-9C8F-B3981F4895D3}.Debug|x64.Build.0 = Debug|x64
		{AE6AE233-3F82-4DF2-9C8F-B3981F4895D3}.Debug|x86.ActiveCfg = Debug|Win32
		{AE6AE233-3F82-4DF2-9C8F-B3981F4895D3}.Debug|x86.Build.0 = Debug|Win32
		{AE6AE233-3F82-4DF2-9C8F-B3981F4895D3}.Release|x64.ActiveCfg = Release|x64
		{AE6AE233-3F82-4DF2-9C8F-B3981F4895D3}.Release|x64.Build.0 = Release|x64
		{AE6AE233-3F82-4DF2-9C8F-B3981F4895D3}.Release|x86.ActiveCfg = Release|Win32
		{AE6AE233-3F82-4DF2-9C8F-B3981F4895D3}.Release|x86.Build.0 = Release|Win32
	EndGlobalSection
	GlobalSection(SolutionProperties) = preSolution
		HideSolutionNode = FALSE
	EndGlobalSection
	GlobalSection(ExtensibilityGlobals) = postSolution
		SolutionGuid = {247CC498-1C67-45B9-A3F5-A68ACD78E2C9}
	EndGlobalSection
EndGlobal
